// !$*UTF8*$!
{
	archiveVersion = 1;
	classes = {
	};
	objectVersion = 46;
	objects = {

/* Begin PBXBuildFile section */
		C020B6451D06C53A0013FA18 /* Reachability.swift in Sources */ = {isa = PBXBuildFile; fileRef = C020B6441D06C53A0013FA18 /* Reachability.swift */; };
		C041A7101CF5BCDE00F2B078 /* AppDelegate.swift in Sources */ = {isa = PBXBuildFile; fileRef = C041A70F1CF5BCDE00F2B078 /* AppDelegate.swift */; };
		C041A7121CF5BCDE00F2B078 /* ViewController.swift in Sources */ = {isa = PBXBuildFile; fileRef = C041A7111CF5BCDE00F2B078 /* ViewController.swift */; };
		C041A7151CF5BCDE00F2B078 /* Main.storyboard in Resources */ = {isa = PBXBuildFile; fileRef = C041A7131CF5BCDE00F2B078 /* Main.storyboard */; };
		C041A7171CF5BCDF00F2B078 /* Assets.xcassets in Resources */ = {isa = PBXBuildFile; fileRef = C041A7161CF5BCDF00F2B078 /* Assets.xcassets */; };
		C041A71A1CF5BCDF00F2B078 /* LaunchScreen.storyboard in Resources */ = {isa = PBXBuildFile; fileRef = C041A7181CF5BCDF00F2B078 /* LaunchScreen.storyboard */; };
		C08EB0031CF70B30004A7AE7 /* AnimationFrames.swift in Sources */ = {isa = PBXBuildFile; fileRef = C08EB0021CF70B30004A7AE7 /* AnimationFrames.swift */; };
/* End PBXBuildFile section */

/* Begin PBXFileReference section */
		C020B6441D06C53A0013FA18 /* Reachability.swift */ = {isa = PBXFileReference; fileEncoding = 4; lastKnownFileType = sourcecode.swift; path = Reachability.swift; sourceTree = "<group>"; };
		C041A70C1CF5BCDE00F2B078 /* ondafuenlabrada.app */ = {isa = PBXFileReference; explicitFileType = wrapper.application; includeInIndex = 0; path = ondafuenlabrada.app; sourceTree = BUILT_PRODUCTS_DIR; };
		C041A70F1CF5BCDE00F2B078 /* AppDelegate.swift */ = {isa = PBXFileReference; lastKnownFileType = sourcecode.swift; path = AppDelegate.swift; sourceTree = "<group>"; };
		C041A7111CF5BCDE00F2B078 /* ViewController.swift */ = {isa = PBXFileReference; lastKnownFileType = sourcecode.swift; path = ViewController.swift; sourceTree = "<group>"; };
		C041A7141CF5BCDE00F2B078 /* Base */ = {isa = PBXFileReference; lastKnownFileType = file.storyboard; name = Base; path = Base.lproj/Main.storyboard; sourceTree = "<group>"; };
		C041A7161CF5BCDF00F2B078 /* Assets.xcassets */ = {isa = PBXFileReference; lastKnownFileType = folder.assetcatalog; path = Assets.xcassets; sourceTree = "<group>"; };
		C041A7191CF5BCDF00F2B078 /* Base */ = {isa = PBXFileReference; lastKnownFileType = file.storyboard; name = Base; path = Base.lproj/LaunchScreen.storyboard; sourceTree = "<group>"; };
		C041A71B1CF5BCDF00F2B078 /* Info.plist */ = {isa = PBXFileReference; lastKnownFileType = text.plist.xml; path = Info.plist; sourceTree = "<group>"; };
		C08EB0021CF70B30004A7AE7 /* AnimationFrames.swift */ = {isa = PBXFileReference; fileEncoding = 4; lastKnownFileType = sourcecode.swift; path = AnimationFrames.swift; sourceTree = "<group>"; };
/* End PBXFileReference section */

/* Begin PBXFrameworksBuildPhase section */
		C041A7091CF5BCDE00F2B078 /* Frameworks */ = {
			isa = PBXFrameworksBuildPhase;
			buildActionMask = 2147483647;
			files = (
			);
			runOnlyForDeploymentPostprocessing = 0;
		};
/* End PBXFrameworksBuildPhase section */

/* Begin PBXGroup section */
		C041A7031CF5BCDE00F2B078 = {
			isa = PBXGroup;
			children = (
				C041A70E1CF5BCDE00F2B078 /* ondafuenlabrada */,
				C041A70D1CF5BCDE00F2B078 /* Products */,
			);
			sourceTree = "<group>";
		};
		C041A70D1CF5BCDE00F2B078 /* Products */ = {
			isa = PBXGroup;
			children = (
				C041A70C1CF5BCDE00F2B078 /* ondafuenlabrada.app */,
			);
			name = Products;
			sourceTree = "<group>";
		};
		C041A70E1CF5BCDE00F2B078 /* ondafuenlabrada */ = {
			isa = PBXGroup;
			children = (
				C041A70F1CF5BCDE00F2B078 /* AppDelegate.swift */,
				C020B6441D06C53A0013FA18 /* Reachability.swift */,
				C041A7111CF5BCDE00F2B078 /* ViewController.swift */,
				C041A7131CF5BCDE00F2B078 /* Main.storyboard */,
				C041A7161CF5BCDF00F2B078 /* Assets.xcassets */,
				C08EB0041CF70B3A004A7AE7 /* UI Helpers */,
				C041A7181CF5BCDF00F2B078 /* LaunchScreen.storyboard */,
				C041A71B1CF5BCDF00F2B078 /* Info.plist */,
			);
			path = ondafuenlabrada;
			sourceTree = "<group>";
		};
		C08EB0041CF70B3A004A7AE7 /* UI Helpers */ = {
			isa = PBXGroup;
			children = (
				C08EB0021CF70B30004A7AE7 /* AnimationFrames.swift */,
			);
			name = "UI Helpers";
			sourceTree = "<group>";
		};
/* End PBXGroup section */

/* Begin PBXNativeTarget section */
		C041A70B1CF5BCDE00F2B078 /* ondafuenlabrada */ = {
			isa = PBXNativeTarget;
			buildConfigurationList = C041A71E1CF5BCDF00F2B078 /* Build configuration list for PBXNativeTarget "ondafuenlabrada" */;
			buildPhases = (
				C041A7081CF5BCDE00F2B078 /* Sources */,
				C041A7091CF5BCDE00F2B078 /* Frameworks */,
				C041A70A1CF5BCDE00F2B078 /* Resources */,
			);
			buildRules = (
			);
			dependencies = (
			);
			name = ondafuenlabrada;
			productName = ondafuenlabrada;
			productReference = C041A70C1CF5BCDE00F2B078 /* ondafuenlabrada.app */;
			productType = "com.apple.product-type.application";
		};
/* End PBXNativeTarget section */

/* Begin PBXProject section */
		C041A7041CF5BCDE00F2B078 /* Project object */ = {
			isa = PBXProject;
			attributes = {
				LastSwiftUpdateCheck = 0730;
				LastUpgradeCheck = 0730;
				ORGANIZATIONNAME = abanet;
				TargetAttributes = {
					C041A70B1CF5BCDE00F2B078 = {
						CreatedOnToolsVersion = 7.3.1;
						SystemCapabilities = {
							com.apple.BackgroundModes = {
								enabled = 1;
							};
						};
					};
				};
			};
			buildConfigurationList = C041A7071CF5BCDE00F2B078 /* Build configuration list for PBXProject "ondafuenlabrada" */;
			compatibilityVersion = "Xcode 3.2";
			developmentRegion = English;
			hasScannedForEncodings = 0;
			knownRegions = (
				en,
				Base,
			);
			mainGroup = C041A7031CF5BCDE00F2B078;
			productRefGroup = C041A70D1CF5BCDE00F2B078 /* Products */;
			projectDirPath = "";
			projectRoot = "";
			targets = (
				C041A70B1CF5BCDE00F2B078 /* ondafuenlabrada */,
			);
		};
/* End PBXProject section */

/* Begin PBXResourcesBuildPhase section */
		C041A70A1CF5BCDE00F2B078 /* Resources */ = {
			isa = PBXResourcesBuildPhase;
			buildActionMask = 2147483647;
			files = (
				C041A71A1CF5BCDF00F2B078 /* LaunchScreen.storyboard in Resources */,
				C041A7171CF5BCDF00F2B078 /* Assets.xcassets in Resources */,
				C041A7151CF5BCDE00F2B078 /* Main.storyboard in Resources */,
			);
			runOnlyForDeploymentPostprocessing = 0;
		};
/* End PBXResourcesBuildPhase section */

/* Begin PBXSourcesBuildPhase section */
		C041A7081CF5BCDE00F2B078 /* Sources */ = {
			isa = PBXSourcesBuildPhase;
			buildActionMask = 2147483647;
			files = (
				C041A7121CF5BCDE00F2B078 /* ViewController.swift in Sources */,
				C08EB0031CF70B30004A7AE7 /* AnimationFrames.swift in Sources */,
				C020B6451D06C53A0013FA18 /* Reachability.swift in Sources */,
				C041A7101CF5BCDE00F2B078 /* AppDelegate.swift in Sources */,
			);
			runOnlyForDeploymentPostprocessing = 0;
		};
/* End PBXSourcesBuildPhase section */

/* Begin PBXVariantGroup section */
		C041A7131CF5BCDE00F2B078 /* Main.storyboard */ = {
			isa = PBXVariantGroup;
			children = (
				C041A7141CF5BCDE00F2B078 /* Base */,
			);
			name = Main.storyboard;
			sourceTree = "<group>";
		};
		C041A7181CF5BCDF00F2B078 /* LaunchScreen.storyboard */ = {
			isa = PBXVariantGroup;
			children = (
				C041A7191CF5BCDF00F2B078 /* Base */,
			);
			name = LaunchScreen.storyboard;
			sourceTree = "<group>";
		};
/* End PBXVariantGroup section */

/* Begin XCBuildConfiguration section */
		C041A71C1CF5BCDF00F2B078 /* Debug */ = {
			isa = XCBuildConfiguration;
			buildSettings = {
				ALWAYS_SEARCH_USER_PATHS = NO;
				CLANG_ANALYZER_NONNULL = YES;
				CLANG_CXX_LANGUAGE_STANDARD = "gnu++0x";
				CLANG_CXX_LIBRARY = "libc++";
				CLANG_ENABLE_MODULES = YES;
				CLANG_ENABLE_OBJC_ARC = YES;
				CLANG_WARN_BOOL_CONVERSION = YES;
				CLANG_WARN_CONSTANT_CONVERSION = YES;
				CLANG_WARN_DIRECT_OBJC_ISA_USAGE = YES_ERROR;
				CLANG_WARN_EMPTY_BODY = YES;
				CLANG_WARN_ENUM_CONVERSION = YES;
				CLANG_WARN_INT_CONVERSION = YES;
				CLANG_WARN_OBJC_ROOT_CLASS = YES_ERROR;
				CLANG_WARN_UNREACHABLE_CODE = YES;
				CLANG_WARN__DUPLICATE_METHOD_MATCH = YES;
				"CODE_SIGN_IDENTITY[sdk=iphoneos*]" = "iPhone Developer";
				COPY_PHASE_STRIP = NO;
				DEBUG_INFORMATION_FORMAT = dwarf;
				ENABLE_STRICT_OBJC_MSGSEND = YES;
				ENABLE_TESTABILITY = YES;
				GCC_C_LANGUAGE_STANDARD = gnu99;
				GCC_DYNAMIC_NO_PIC = NO;
				GCC_NO_COMMON_BLOCKS = YES;
				GCC_OPTIMIZATION_LEVEL = 0;
				GCC_PREPROCESSOR_DEFINITIONS = (
					"DEBUG=1",
					"$(inherited)",
				);
				GCC_WARN_64_TO_32_BIT_CONVERSION = YES;
				GCC_WARN_ABOUT_RETURN_TYPE = YES_ERROR;
				GCC_WARN_UNDECLARED_SELECTOR = YES;
				GCC_WARN_UNINITIALIZED_AUTOS = YES_AGGRESSIVE;
				GCC_WARN_UNUSED_FUNCTION = YES;
				GCC_WARN_UNUSED_VARIABLE = YES;
				IPHONEOS_DEPLOYMENT_TARGET = 9.3;
				MTL_ENABLE_DEBUG_INFO = YES;
				ONLY_ACTIVE_ARCH = YES;
				SDKROOT = iphoneos;
				SWIFT_OPTIMIZATION_LEVEL = "-Onone";
			};
			name = Debug;
		};
		C041A71D1CF5BCDF00F2B078 /* Release */ = {
			isa = XCBuildConfiguration;
			buildSettings = {
				ALWAYS_SEARCH_USER_PATHS = NO;
				CLANG_ANALYZER_NONNULL = YES;
				CLANG_CXX_LANGUAGE_STANDARD = "gnu++0x";
				CLANG_CXX_LIBRARY = "libc++";
				CLANG_ENABLE_MODULES = YES;
				CLANG_ENABLE_OBJC_ARC = YES;
				CLANG_WARN_BOOL_CONVERSION = YES;
				CLANG_WARN_CONSTANT_CONVERSION = YES;
				CLANG_WARN_DIRECT_OBJC_ISA_USAGE = YES_ERROR;
				CLANG_WARN_EMPTY_BODY = YES;
				CLANG_WARN_ENUM_CONVERSION = YES;
				CLANG_WARN_INT_CONVERSION = YES;
				CLANG_WARN_OBJC_ROOT_CLASS = YES_ERROR;
				CLANG_WARN_UNREACHABLE_CODE = YES;
				CLANG_WARN__DUPLICATE_METHOD_MATCH = YES;
				"CODE_SIGN_IDENTITY[sdk=iphoneos*]" = "iPhone Developer";
				COPY_PHASE_STRIP = NO;
				DEBUG_INFORMATION_FORMAT = "dwarf-with-dsym";
				ENABLE_NS_ASSERTIONS = NO;
				ENABLE_STRICT_OBJC_MSGSEND = YES;
				GCC_C_LANGUAGE_STANDARD = gnu99;
				GCC_NO_COMMON_BLOCKS = YES;
				GCC_WARN_64_TO_32_BIT_CONVERSION = YES;
				GCC_WARN_ABOUT_RETURN_TYPE = YES_ERROR;
				GCC_WARN_UNDECLARED_SELECTOR = YES;
				GCC_WARN_UNINITIALIZED_AUTOS = YES_AGGRESSIVE;
				GCC_WARN_UNUSED_FUNCTION = YES;
				GCC_WARN_UNUSED_VARIABLE = YES;
				IPHONEOS_DEPLOYMENT_TARGET = 9.3;
				MTL_ENABLE_DEBUG_INFO = NO;
				SDKROOT = iphoneos;
				VALIDATE_PRODUCT = YES;
			};
			name = Release;
		};
		C041A71F1CF5BCDF00F2B078 /* Debug */ = {
			isa = XCBuildConfiguration;
			buildSettings = {
				ASSETCATALOG_COMPILER_APPICON_NAME = AppIcon;
				INFOPLIST_FILE = ondafuenlabrada/Info.plist;
				LD_RUNPATH_SEARCH_PATHS = "$(inherited) @executable_path/Frameworks";
				PRODUCT_BUNDLE_IDENTIFIER = es.codigoswift.ondafuenlabrada;
				PRODUCT_NAME = "$(TARGET_NAME)";
			};
			name = Debug;
		};
		C041A7201CF5BCDF00F2B078 /* Release */ = {
			isa = XCBuildConfiguration;
			buildSettings = {
				ASSETCATALOG_COMPILER_APPICON_NAME = AppIcon;
				INFOPLIST_FILE = ondafuenlabrada/Info.plist;
				LD_RUNPATH_SEARCH_PATHS = "$(inherited) @executable_path/Frameworks";
				PRODUCT_BUNDLE_IDENTIFIER = es.codigoswift.ondafuenlabrada;
				PRODUCT_NAME = "$(TARGET_NAME)";
			};
			name = Release;
		};
/* End XCBuildConfiguration section */

/* Begin XCConfigurationList section */
		C041A7071CF5BCDE00F2B078 /* Build configuration list for PBXProject "ondafuenlabrada" */ = {
			isa = XCConfigurationList;
			buildConfigurations = (
				C041A71C1CF5BCDF00F2B078 /* Debug */,
				C041A71D1CF5BCDF00F2B078 /* Release */,
			);
			defaultConfigurationIsVisible = 0;
			defaultConfigurationName = Release;
		};
		C041A71E1CF5BCDF00F2B078 /* Build configuration list for PBXNativeTarget "ondafuenlabrada" */ = {
			isa = XCConfigurationList;
			buildConfigurations = (
				C041A71F1CF5BCDF00F2B078 /* Debug */,
				C041A7201CF5BCDF00F2B078 /* Release */,
			);
			defaultConfigurationIsVisible = 0;
			defaultConfigurationName = Release;
		};
/* End XCConfigurationList section */
	};
	rootObject = C041A7041CF5BCDE00F2B078 /* Project object */;
}
